
Microsoft Visual Studio Solution File, Format Version 12.00
# Visual Studio Version 17
VisualStudioVersion = 17.3.32901.215
MinimumVisualStudioVersion = 10.0.40219.1
Project("{FAE04EC0-301F-11D3-BF4B-00C04F79EFBC}") = "PracticeWebAPI", "PracticeWebAPI\PracticeWebAPI.csproj", "{70295C5C-4F6B-4146-9495-1FCDEB2DDB19}"
EndProject
Global
	GlobalSection(SolutionConfigurationPlatforms) = preSolution
		Debug|Any CPU = Debug|Any CPU
		Release|Any CPU = Release|Any CPU
	EndGlobalSection
	GlobalSection(ProjectConfigurationPlatforms) = postSolution
		{70295C5C-4F6B-4146-9495-1FCDEB2DDB19}.Debug|Any CPU.ActiveCfg = Debug|Any CPU
		{70295C5C-4F6B-4146-9495-1FCDEB2DDB19}.Debug|Any CPU.Build.0 = Debug|Any CPU
		{70295C5C-4F6B-4146-9495-1FCDEB2DDB19}.Release|Any CPU.ActiveCfg = Release|Any CPU
		{70295C5C-4F6B-4146-9495-1FCDEB2DDB19}.Release|Any CPU.Build.0 = Release|Any CPU
	EndGlobalSection
	GlobalSection(SolutionProperties) = preSolution
		HideSolutionNode = FALSE
	EndGlobalSection
	GlobalSection(ExtensibilityGlobals) = postSolution
		SolutionGuid = {7EB6530A-62EA-42A9-8C50-E28D000F536A}
	EndGlobalSection
EndGlobal
